
Microsoft Visual Studio Solution File, Format Version 12.00
# Visual Studio Version 17
VisualStudioVersion = 17.14.36705.20
MinimumVisualStudioVersion = 10.0.40219.1
Project("{2150E333-8FDC-42A3-9474-1A3956D46DE8}") = "Task0", "Task0", "{02EA681E-C7D8-13C7-8484-4AC65E1B71E8}"
EndProject
Project("{FAE04EC0-301F-11D3-BF4B-00C04F79EFBC}") = "Tyuiu.MertsKV.Sprint5.Task0.V19", "Tyuiu.MertsKV.Sprint5.Task0.V19\Tyuiu.MertsKV.Sprint5.Task0.V19.csproj", "{1F79D885-A402-434F-8A3B-009745F11BB0}"
EndProject
Project("{FAE04EC0-301F-11D3-BF4B-00C04F79EFBC}") = "Tyuiu.MertsKV.Sprint5.Task0.V19.Lib", "Tyuiu.MertsKV.Sprint5.Task0.V19.Lib\Tyuiu.MertsKV.Sprint5.Task0.V19.Lib.csproj", "{7B15AC58-D818-42B8-A8C7-6870A0F80C05}"
EndProject
Project("{FAE04EC0-301F-11D3-BF4B-00C04F79EFBC}") = "Tyuiu.MertsKV.Sprint5.Task0.V19.Test", "Tyuiu.MertsKV.Sprint5.Task0.V19.Test\Tyuiu.MertsKV.Sprint5.Task0.V19.Test.csproj", "{96510715-0179-4438-B602-C50F34113CEE}"
EndProject
Project("{2150E333-8FDC-42A3-9474-1A3956D46DE8}") = "Task1", "Task1", "{709BA742-4334-487E-A214-658950785716}"
EndProject
Project("{FAE04EC0-301F-11D3-BF4B-00C04F79EFBC}") = "Tyuiu.MertsKV.Sprint5.Task1.V19", "Tyuiu.MertsKV.Sprint5.Task1.V19\Tyuiu.MertsKV.Sprint5.Task1.V19.csproj", "{C481EF1D-7A7D-4965-A631-AE6EB39CF76D}"
EndProject
Project("{FAE04EC0-301F-11D3-BF4B-00C04F79EFBC}") = "Tyuiu.MertsKV.Sprint5.Task1.V19.Lib", "Tyuiu.MertsKV.Sprint5.Task1.V19.Lib\Tyuiu.MertsKV.Sprint5.Task1.V19.Lib.csproj", "{6A7EAB98-521B-48B9-8C0B-978C383AC297}"
EndProject
Project("{FAE04EC0-301F-11D3-BF4B-00C04F79EFBC}") = "Tyuiu.MertsKV.Sprint5.Task1.V19.Test", "Tyuiu.MertsKV.Sprint5.Task1.V19.Test\Tyuiu.MertsKV.Sprint5.Task1.V19.Test.csproj", "{B6217138-7DA7-4399-9F82-7C644827CE26}"
EndProject
Project("{2150E333-8FDC-42A3-9474-1A3956D46DE8}") = "Task2", "Task2", "{2CBCDDA1-0C3C-4962-B3C0-B3EB273B8A15}"
EndProject
Project("{FAE04EC0-301F-11D3-BF4B-00C04F79EFBC}") = "Tyuiu.MertsKV.Sprint5.Task2.V18", "Tyuiu.MertsKV.Sprint5.Task2.V18\Tyuiu.MertsKV.Sprint5.Task2.V18.csproj", "{473ECA15-2323-4DC4-8EDC-C2A8E03C86C3}"
EndProject
Project("{FAE04EC0-301F-11D3-BF4B-00C04F79EFBC}") = "Tyuiu.MertsKV.Sprint5.Task2.V18.Lib", "Tyuiu.MertsKV.Sprint5.Task2.V18.Lib\Tyuiu.MertsKV.Sprint5.Task2.V18.Lib.csproj", "{C22F5D51-F3F6-4E6D-8E0C-AA0BB7265B67}"
EndProject
Project("{FAE04EC0-301F-11D3-BF4B-00C04F79EFBC}") = "Tyuiu.MertsKV.Sprint5.Task2.V18.Test", "Tyuiu.MertsKV.Sprint5.Task2.V18.Test\Tyuiu.MertsKV.Sprint5.Task2.V18.Test.csproj", "{74DEDC2B-F4B0-4732-BFB5-ABE10F85F7ED}"
EndProject
Project("{2150E333-8FDC-42A3-9474-1A3956D46DE8}") = "Task3", "Task3", "{8992D6F8-371F-4199-BC04-C1F9DD66892D}"
EndProject
Project("{FAE04EC0-301F-11D3-BF4B-00C04F79EFBC}") = "Tyuiu.MertsKV.Sprint5.Task3.V26", "Tyuiu.MertsKV.Sprint5.Task3.V26\Tyuiu.MertsKV.Sprint5.Task3.V26.csproj", "{15FA3DDD-B52A-4A5E-B91E-8A83C5170538}"
EndProject
Project("{FAE04EC0-301F-11D3-BF4B-00C04F79EFBC}") = "Tyuiu.MertsKV.Sprint5.Task3.V26.Lib", "Tyuiu.MertsKV.Sprint5.Task3.V26.Lib\Tyuiu.MertsKV.Sprint5.Task3.V26.Lib.csproj", "{32E39B73-B961-4C92-B03A-268B44BBB345}"
EndProject
Project("{FAE04EC0-301F-11D3-BF4B-00C04F79EFBC}") = "Tyuiu.MertsKV.Sprint5.Task3.V26.Test", "Tyuiu.MertsKV.Sprint5.Task3.V26.Test\Tyuiu.MertsKV.Sprint5.Task3.V26.Test.csproj", "{184BDFD3-4C40-4A57-A42F-90AE71735E41}"
EndProject
Project("{2150E333-8FDC-42A3-9474-1A3956D46DE8}") = "Task4", "Task4", "{D8B25BC1-0665-4963-8515-BA60C0654F18}"
EndProject
Project("{FAE04EC0-301F-11D3-BF4B-00C04F79EFBC}") = "Tyuiu.MertsKV.Sprint5.Task4.V10", "Tyuiu.MertsKV.Sprint5.Task4.V10\Tyuiu.MertsKV.Sprint5.Task4.V10.csproj", "{A0E9E79D-5299-44A3-B4A2-7B513E5184F4}"
EndProject
Project("{FAE04EC0-301F-11D3-BF4B-00C04F79EFBC}") = "Tyuiu.MertsKV.Sprint5.Task4.V10.Lib", "Tyuiu.MertsKV.Sprint5.Task4.V10.Lib\Tyuiu.MertsKV.Sprint5.Task4.V10.Lib.csproj", "{2F1326DD-6417-4E43-A077-ACCF8183E5F7}"
EndProject
Project("{FAE04EC0-301F-11D3-BF4B-00C04F79EFBC}") = "Tyuiu.MertsKV.Sprint5.Task4.V10.Test", "Tyuiu.MertsKV.Sprint5.Task4.V10.Test\Tyuiu.MertsKV.Sprint5.Task4.V10.Test.csproj", "{704D0DAA-F5E4-43CB-9A1C-C70D16C3FA8E}"
EndProject
Project("{2150E333-8FDC-42A3-9474-1A3956D46DE8}") = "Task5", "Task5", "{A5754A61-FA58-40C0-B782-BC95ECC9015A}"
EndProject
Project("{FAE04EC0-301F-11D3-BF4B-00C04F79EFBC}") = "Tyuiu.MertsKV.Sprint5.Task5.V4", "Tyuiu.MertsKV.Sprint5.Task5.V4\Tyuiu.MertsKV.Sprint5.Task5.V4.csproj", "{2A282150-C919-4151-B1D8-E9FE52288EEB}"
EndProject
Project("{FAE04EC0-301F-11D3-BF4B-00C04F79EFBC}") = "Tyuiu.MertsKV.Sprint5.Task5.V4.Lib", "Tyuiu.MertsKV.Sprint5.Task5.V4.Lib\Tyuiu.MertsKV.Sprint5.Task5.V4.Lib.csproj", "{08BCE9CA-EE61-4EE4-BAE8-BA8328AAF172}"
EndProject
Project("{FAE04EC0-301F-11D3-BF4B-00C04F79EFBC}") = "Tyuiu.MertsKV.Sprint5.Task5.V4.Test", "Tyuiu.MertsKV.Sprint5.Task5.V4.Test\Tyuiu.MertsKV.Sprint5.Task5.V4.Test.csproj", "{ABA163BB-8CC8-430A-B764-05FA9C8AE4E7}"
EndProject
Project("{2150E333-8FDC-42A3-9474-1A3956D46DE8}") = "Task6", "Task6", "{C52123DB-64BC-423B-AC45-C48141E73BFD}"
EndProject
Project("{FAE04EC0-301F-11D3-BF4B-00C04F79EFBC}") = "Tyuiu.MertsKV.Sprint5.Task6.V13", "Tyuiu.MertsKV.Sprint5.Task6.V13\Tyuiu.MertsKV.Sprint5.Task6.V13.csproj", "{2BCDD5D8-8DFA-4A4D-822A-0682D7C4BFFF}"
EndProject
Project("{FAE04EC0-301F-11D3-BF4B-00C04F79EFBC}") = "Tyuiu.MertsKV.Sprint5.Task6.V13.Lib", "Tyuiu.MertsKV.Sprint5.Task6.V13.Lib\Tyuiu.MertsKV.Sprint5.Task6.V13.Lib.csproj", "{C33E8504-BE2A-4EBC-B230-31AA9BA9350A}"
EndProject
Project("{FAE04EC0-301F-11D3-BF4B-00C04F79EFBC}") = "Tyuiu.MertsKV.Sprint5.Task6.V13.Test", "Tyuiu.MertsKV.Sprint5.Task6.V13.Test\Tyuiu.MertsKV.Sprint5.Task6.V13.Test.csproj", "{FA0C004D-8207-44DD-9758-25FBBE7CE23A}"
EndProject
Project("{2150E333-8FDC-42A3-9474-1A3956D46DE8}") = "Task7", "Task7", "{01943002-F6FC-4B36-9158-8570EA38F289}"
EndProject
Project("{FAE04EC0-301F-11D3-BF4B-00C04F79EFBC}") = "Tyuiu.MertsKV.Sprint5.Task7.V8", "Tyuiu.MertsKV.Sprint5.Task7.V8\Tyuiu.MertsKV.Sprint5.Task7.V8.csproj", "{28086AED-3466-43FD-A827-BE3C4518EAC4}"
EndProject
Project("{FAE04EC0-301F-11D3-BF4B-00C04F79EFBC}") = "Tyuiu.MertsKV.Sprint5.Task7.V8.Lib", "Tyuiu.MertsKV.Sprint5.Task7.V8.Lib\Tyuiu.MertsKV.Sprint5.Task7.V8.Lib.csproj", "{C1660578-0F58-4DA9-A427-DD3E8273347B}"
EndProject
Project("{FAE04EC0-301F-11D3-BF4B-00C04F79EFBC}") = "Tyuiu.MertsKV.Sprint5.Task7.V8.Test", "Tyuiu.MertsKV.Sprint5.Task7.V8.Test\Tyuiu.MertsKV.Sprint5.Task7.V8.Test.csproj", "{EA67954A-86A6-4371-892C-C72C0D568C59}"
EndProject
Global
	GlobalSection(SolutionConfigurationPlatforms) = preSolution
		Debug|Any CPU = Debug|Any CPU
		Release|Any CPU = Release|Any CPU
	EndGlobalSection
	GlobalSection(ProjectConfigurationPlatforms) = postSolution
		{1F79D885-A402-434F-8A3B-009745F11BB0}.Debug|Any CPU.ActiveCfg = Debug|Any CPU
		{1F79D885-A402-434F-8A3B-009745F11BB0}.Debug|Any CPU.Build.0 = Debug|Any CPU
		{1F79D885-A402-434F-8A3B-009745F11BB0}.Release|Any CPU.ActiveCfg = Release|Any CPU
		{1F79D885-A402-434F-8A3B-009745F11BB0}.Release|Any CPU.Build.0 = Release|Any CPU
		{7B15AC58-D818-42B8-A8C7-6870A0F80C05}.Debug|Any CPU.ActiveCfg = Debug|Any CPU
		{7B15AC58-D818-42B8-A8C7-6870A0F80C05}.Debug|Any CPU.Build.0 = Debug|Any CPU
		{7B15AC58-D818-42B8-A8C7-6870A0F80C05}.Release|Any CPU.ActiveCfg = Release|Any CPU
		{7B15AC58-D818-42B8-A8C7-6870A0F80C05}.Release|Any CPU.Build.0 = Release|Any CPU
		{96510715-0179-4438-B602-C50F34113CEE}.Debug|Any CPU.ActiveCfg = Debug|Any CPU
		{96510715-0179-4438-B602-C50F34113CEE}.Debug|Any CPU.Build.0 = Debug|Any CPU
		{96510715-0179-4438-B602-C50F34113CEE}.Release|Any CPU.ActiveCfg = Release|Any CPU
		{96510715-0179-4438-B602-C50F34113CEE}.Release|Any CPU.Build.0 = Release|Any CPU
		{C481EF1D-7A7D-4965-A631-AE6EB39CF76D}.Debug|Any CPU.ActiveCfg = Debug|Any CPU
		{C481EF1D-7A7D-4965-A631-AE6EB39CF76D}.Debug|Any CPU.Build.0 = Debug|Any CPU
		{C481EF1D-7A7D-4965-A631-AE6EB39CF76D}.Release|Any CPU.ActiveCfg = Release|Any CPU
		{C481EF1D-7A7D-4965-A631-AE6EB39CF76D}.Release|Any CPU.Build.0 = Release|Any CPU
		{6A7EAB98-521B-48B9-8C0B-978C383AC297}.Debug|Any CPU.ActiveCfg = Debug|Any CPU
		{6A7EAB98-521B-48B9-8C0B-978C383AC297}.Debug|Any CPU.Build.0 = Debug|Any CPU
		{6A7EAB98-521B-48B9-8C0B-978C383AC297}.Release|Any CPU.ActiveCfg = Release|Any CPU
		{6A7EAB98-521B-48B9-8C0B-978C383AC297}.Release|Any CPU.Build.0 = Release|Any CPU
		{B6217138-7DA7-4399-9F82-7C644827CE26}.Debug|Any CPU.ActiveCfg = Debug|Any CPU
		{B6217138-7DA7-4399-9F82-7C644827CE26}.Debug|Any CPU.Build.0 = Debug|Any CPU
		{B6217138-7DA7-4399-9F82-7C644827CE26}.Release|Any CPU.ActiveCfg = Release|Any CPU
		{B6217138-7DA7-4399-9F82-7C644827CE26}.Release|Any CPU.Build.0 = Release|Any CPU
		{473ECA15-2323-4DC4-8EDC-C2A8E03C86C3}.Debug|Any CPU.ActiveCfg = Debug|Any CPU
		{473ECA15-2323-4DC4-8EDC-C2A8E03C86C3}.Debug|Any CPU.Build.0 = Debug|Any CPU
		{473ECA15-2323-4DC4-8EDC-C2A8E03C86C3}.Release|Any CPU.ActiveCfg = Release|Any CPU
		{473ECA15-2323-4DC4-8EDC-C2A8E03C86C3}.Release|Any CPU.Build.0 = Release|Any CPU
		{C22F5D51-F3F6-4E6D-8E0C-AA0BB7265B67}.Debug|Any CPU.ActiveCfg = Debug|Any CPU
		{C22F5D51-F3F6-4E6D-8E0C-AA0BB7265B67}.Debug|Any CPU.Build.0 = Debug|Any CPU
		{C22F5D51-F3F6-4E6D-8E0C-AA0BB7265B67}.Release|Any CPU.ActiveCfg = Release|Any CPU
		{C22F5D51-F3F6-4E6D-8E0C-AA0BB7265B67}.Release|Any CPU.Build.0 = Release|Any CPU
		{74DEDC2B-F4B0-4732-BFB5-ABE10F85F7ED}.Debug|Any CPU.ActiveCfg = Debug|Any CPU
		{74DEDC2B-F4B0-4732-BFB5-ABE10F85F7ED}.Debug|Any CPU.Build.0 = Debug|Any CPU
		{74DEDC2B-F4B0-4732-BFB5-ABE10F85F7ED}.Release|Any CPU.ActiveCfg = Release|Any CPU
		{74DEDC2B-F4B0-4732-BFB5-ABE10F85F7ED}.Release|Any CPU.Build.0 = Release|Any CPU
		{15FA3DDD-B52A-4A5E-B91E-8A83C5170538}.Debug|Any CPU.ActiveCfg = Debug|Any CPU
		{15FA3DDD-B52A-4A5E-B91E-8A83C5170538}.Debug|Any CPU.Build.0 = Debug|Any CPU
		{15FA3DDD-B52A-4A5E-B91E-8A83C5170538}.Release|Any CPU.ActiveCfg = Release|Any CPU
		{15FA3DDD-B52A-4A5E-B91E-8A83C5170538}.Release|Any CPU.Build.0 = Release|Any CPU
		{32E39B73-B961-4C92-B03A-268B44BBB345}.Debug|Any CPU.ActiveCfg = Debug|Any CPU
		{32E39B73-B961-4C92-B03A-268B44BBB345}.Debug|Any CPU.Build.0 = Debug|Any CPU
		{32E39B73-B961-4C92-B03A-268B44BBB345}.Release|Any CPU.ActiveCfg = Release|Any CPU
		{32E39B73-B961-4C92-B03A-268B44BBB345}.Release|Any CPU.Build.0 = Release|Any CPU
		{184BDFD3-4C40-4A57-A42F-90AE71735E41}.Debug|Any CPU.ActiveCfg = Debug|Any CPU
		{184BDFD3-4C40-4A57-A42F-90AE71735E41}.Debug|Any CPU.Build.0 = Debug|Any CPU
		{184BDFD3-4C40-4A57-A42F-90AE71735E41}.Release|Any CPU.ActiveCfg = Release|Any CPU
		{184BDFD3-4C40-4A57-A42F-90AE71735E41}.Release|Any CPU.Build.0 = Release|Any CPU
		{A0E9E79D-5299-44A3-B4A2-7B513E5184F4}.Debug|Any CPU.ActiveCfg = Debug|Any CPU
		{A0E9E79D-5299-44A3-B4A2-7B513E5184F4}.Debug|Any CPU.Build.0 = Debug|Any CPU
		{A0E9E79D-5299-44A3-B4A2-7B513E5184F4}.Release|Any CPU.ActiveCfg = Release|Any CPU
		{A0E9E79D-5299-44A3-B4A2-7B513E5184F4}.Release|Any CPU.Build.0 = Release|Any CPU
		{2F1326DD-6417-4E43-A077-ACCF8183E5F7}.Debug|Any CPU.ActiveCfg = Debug|Any CPU
		{2F1326DD-6417-4E43-A077-ACCF8183E5F7}.Debug|Any CPU.Build.0 = Debug|Any CPU
		{2F1326DD-6417-4E43-A077-ACCF8183E5F7}.Release|Any CPU.ActiveCfg = Release|Any CPU
		{2F1326DD-6417-4E43-A077-ACCF8183E5F7}.Release|Any CPU.Build.0 = Release|Any CPU
		{704D0DAA-F5E4-43CB-9A1C-C70D16C3FA8E}.Debug|Any CPU.ActiveCfg = Debug|Any CPU
		{704D0DAA-F5E4-43CB-9A1C-C70D16C3FA8E}.Debug|Any CPU.Build.0 = Debug|Any CPU
		{704D0DAA-F5E4-43CB-9A1C-C70D16C3FA8E}.Release|Any CPU.ActiveCfg = Release|Any CPU
		{704D0DAA-F5E4-43CB-9A1C-C70D16C3FA8E}.Release|Any CPU.Build.0 = Release|Any CPU
		{2A282150-C919-4151-B1D8-E9FE52288EEB}.Debug|Any CPU.ActiveCfg = Debug|Any CPU
		{2A282150-C919-4151-B1D8-E9FE52288EEB}.Debug|Any CPU.Build.0 = Debug|Any CPU
		{2A282150-C919-4151-B1D8-E9FE52288EEB}.Release|Any CPU.ActiveCfg = Release|Any CPU
		{2A282150-C919-4151-B1D8-E9FE52288EEB}.Release|Any CPU.Build.0 = Release|Any CPU
		{08BCE9CA-EE61-4EE4-BAE8-BA8328AAF172}.Debug|Any CPU.ActiveCfg = Debug|Any CPU
		{08BCE9CA-EE61-4EE4-BAE8-BA8328AAF172}.Debug|Any CPU.Build.0 = Debug|Any CPU
		{08BCE9CA-EE61-4EE4-BAE8-BA8328AAF172}.Release|Any CPU.ActiveCfg = Release|Any CPU
		{08BCE9CA-EE61-4EE4-BAE8-BA8328AAF172}.Release|Any CPU.Build.0 = Release|Any CPU
		{ABA163BB-8CC8-430A-B764-05FA9C8AE4E7}.Debug|Any CPU.ActiveCfg = Debug|Any CPU
		{ABA163BB-8CC8-430A-B764-05FA9C8AE4E7}.Debug|Any CPU.Build.0 = Debug|Any CPU
		{ABA163BB-8CC8-430A-B764-05FA9C8AE4E7}.Release|Any CPU.ActiveCfg = Release|Any CPU
		{ABA163BB-8CC8-430A-B764-05FA9C8AE4E7}.Release|Any CPU.Build.0 = Release|Any CPU
		{2BCDD5D8-8DFA-4A4D-822A-0682D7C4BFFF}.Debug|Any CPU.ActiveCfg = Debug|Any CPU
		{2BCDD5D8-8DFA-4A4D-822A-0682D7C4BFFF}.Debug|Any CPU.Build.0 = Debug|Any CPU
		{2BCDD5D8-8DFA-4A4D-822A-0682D7C4BFFF}.Release|Any CPU.ActiveCfg = Release|Any CPU
		{2BCDD5D8-8DFA-4A4D-822A-0682D7C4BFFF}.Release|Any CPU.Build.0 = Release|Any CPU
		{C33E8504-BE2A-4EBC-B230-31AA9BA9350A}.Debug|Any CPU.ActiveCfg = Debug|Any CPU
		{C33E8504-BE2A-4EBC-B230-31AA9BA9350A}.Debug|Any CPU.Build.0 = Debug|Any CPU
		{C33E8504-BE2A-4EBC-B230-31AA9BA9350A}.Release|Any CPU.ActiveCfg = Release|Any CPU
		{C33E8504-BE2A-4EBC-B230-31AA9BA9350A}.Release|Any CPU.Build.0 = Release|Any CPU
		{FA0C004D-8207-44DD-9758-25FBBE7CE23A}.Debug|Any CPU.ActiveCfg = Debug|Any CPU
		{FA0C004D-8207-44DD-9758-25FBBE7CE23A}.Debug|Any CPU.Build.0 = Debug|Any CPU
		{FA0C004D-8207-44DD-9758-25FBBE7CE23A}.Release|Any CPU.ActiveCfg = Release|Any CPU
		{FA0C004D-8207-44DD-9758-25FBBE7CE23A}.Release|Any CPU.Build.0 = Release|Any CPU
		{28086AED-3466-43FD-A827-BE3C4518EAC4}.Debug|Any CPU.ActiveCfg = Debug|Any CPU
		{28086AED-3466-43FD-A827-BE3C4518EAC4}.Debug|Any CPU.Build.0 = Debug|Any CPU
		{28086AED-3466-43FD-A827-BE3C4518EAC4}.Release|Any CPU.ActiveCfg = Release|Any CPU
		{28086AED-3466-43FD-A827-BE3C4518EAC4}.Release|Any CPU.Build.0 = Release|Any CPU
		{C1660578-0F58-4DA9-A427-DD3E8273347B}.Debug|Any CPU.ActiveCfg = Debug|Any CPU
		{C1660578-0F58-4DA9-A427-DD3E8273347B}.Debug|Any CPU.Build.0 = Debug|Any CPU
		{C1660578-0F58-4DA9-A427-DD3E8273347B}.Release|Any CPU.ActiveCfg = Release|Any CPU
		{C1660578-0F58-4DA9-A427-DD3E8273347B}.Release|Any CPU.Build.0 = Release|Any CPU
		{EA67954A-86A6-4371-892C-C72C0D568C59}.Debug|Any CPU.ActiveCfg = Debug|Any CPU
		{EA67954A-86A6-4371-892C-C72C0D568C59}.Debug|Any CPU.Build.0 = Debug|Any CPU
		{EA67954A-86A6-4371-892C-C72C0D568C59}.Release|Any CPU.ActiveCfg = Release|Any CPU
		{EA67954A-86A6-4371-892C-C72C0D568C59}.Release|Any CPU.Build.0 = Release|Any CPU
	EndGlobalSection
	GlobalSection(SolutionProperties) = preSolution
		HideSolutionNode = FALSE
	EndGlobalSection
	GlobalSection(NestedProjects) = preSolution
		{1F79D885-A402-434F-8A3B-009745F11BB0} = {02EA681E-C7D8-13C7-8484-4AC65E1B71E8}
		{7B15AC58-D818-42B8-A8C7-6870A0F80C05} = {02EA681E-C7D8-13C7-8484-4AC65E1B71E8}
		{96510715-0179-4438-B602-C50F34113CEE} = {02EA681E-C7D8-13C7-8484-4AC65E1B71E8}
		{C481EF1D-7A7D-4965-A631-AE6EB39CF76D} = {709BA742-4334-487E-A214-658950785716}
		{6A7EAB98-521B-48B9-8C0B-978C383AC297} = {709BA742-4334-487E-A214-658950785716}
		{B6217138-7DA7-4399-9F82-7C644827CE26} = {709BA742-4334-487E-A214-658950785716}
		{473ECA15-2323-4DC4-8EDC-C2A8E03C86C3} = {2CBCDDA1-0C3C-4962-B3C0-B3EB273B8A15}
		{C22F5D51-F3F6-4E6D-8E0C-AA0BB7265B67} = {2CBCDDA1-0C3C-4962-B3C0-B3EB273B8A15}
		{74DEDC2B-F4B0-4732-BFB5-ABE10F85F7ED} = {2CBCDDA1-0C3C-4962-B3C0-B3EB273B8A15}
		{15FA3DDD-B52A-4A5E-B91E-8A83C5170538} = {8992D6F8-371F-4199-BC04-C1F9DD66892D}
		{32E39B73-B961-4C92-B03A-268B44BBB345} = {8992D6F8-371F-4199-BC04-C1F9DD66892D}
		{184BDFD3-4C40-4A57-A42F-90AE71735E41} = {8992D6F8-371F-4199-BC04-C1F9DD66892D}
		{A0E9E79D-5299-44A3-B4A2-7B513E5184F4} = {D8B25BC1-0665-4963-8515-BA60C0654F18}
		{2F1326DD-6417-4E43-A077-ACCF8183E5F7} = {D8B25BC1-0665-4963-8515-BA60C0654F18}
		{704D0DAA-F5E4-43CB-9A1C-C70D16C3FA8E} = {D8B25BC1-0665-4963-8515-BA60C0654F18}
		{2A282150-C919-4151-B1D8-E9FE52288EEB} = {A5754A61-FA58-40C0-B782-BC95ECC9015A}
		{08BCE9CA-EE61-4EE4-BAE8-BA8328AAF172} = {A5754A61-FA58-40C0-B782-BC95ECC9015A}
		{ABA163BB-8CC8-430A-B764-05FA9C8AE4E7} = {A5754A61-FA58-40C0-B782-BC95ECC9015A}
		{2BCDD5D8-8DFA-4A4D-822A-0682D7C4BFFF} = {C52123DB-64BC-423B-AC45-C48141E73BFD}
		{C33E8504-BE2A-4EBC-B230-31AA9BA9350A} = {C52123DB-64BC-423B-AC45-C48141E73BFD}
		{FA0C004D-8207-44DD-9758-25FBBE7CE23A} = {C52123DB-64BC-423B-AC45-C48141E73BFD}
		{28086AED-3466-43FD-A827-BE3C4518EAC4} = {01943002-F6FC-4B36-9158-8570EA38F289}
		{C1660578-0F58-4DA9-A427-DD3E8273347B} = {01943002-F6FC-4B36-9158-8570EA38F289}
		{EA67954A-86A6-4371-892C-C72C0D568C59} = {01943002-F6FC-4B36-9158-8570EA38F289}
	EndGlobalSection
	GlobalSection(ExtensibilityGlobals) = postSolution
		SolutionGuid = {99598B56-D85A-4EA9-B70F-73CE46372BBF}
	EndGlobalSection
EndGlobal
